{
  "name": "static",
  "version": "1.0.0",
  "lockfileVersion": 1,
  "requires": true,
  "dependencies": {
    "base64-arraybuffer": {
      "version": "0.2.0",
      "resolved": "https://registry.npmjs.org/base64-arraybuffer/-/base64-arraybuffer-0.2.0.tgz",
      "integrity": "sha512-7emyCsu1/xiBXgQZrscw/8KPRT44I4Yq9Pe6EGs3aPRTsWuggML1/1DTuZUuIaJPIm1FTDUVXl4x/yW8s0kQDQ=="
    },
    "canvas2svg": {
      "version": "1.0.16",
      "resolved": "https://registry.npmjs.org/canvas2svg/-/canvas2svg-1.0.16.tgz",
      "integrity": "sha1-CBTFO7q3w0Buc4cnnN8lf+T28r0="
    },
    "canvg": {
      "version": "2.0.0",
      "resolved": "https://registry.npmjs.org/canvg/-/canvg-2.0.0.tgz",
      "integrity": "sha512-PiKa+sjzzAv8HONsBaJZRhZ3eCM5uJkpFgF0rSzcamOrdXdls81ukjNxtz7JYyxucj6WpIkZwk9j7Jku0+ivqQ==",
      "requires": {
        "rgbcolor": "^1.0.1",
        "stackblur-canvas": "^2.0.0"
      }
    },
    "css-line-break": {
      "version": "1.1.1",
      "resolved": "https://registry.npmjs.org/css-line-break/-/css-line-break-1.1.1.tgz",
      "integrity": "sha512-1feNVaM4Fyzdj4mKPIQNL2n70MmuYzAXZ1aytlROFX1JsOo070OsugwGjj7nl6jnDJWHDM8zRZswkmeYVWZJQA==",
      "requires": {
        "base64-arraybuffer": "^0.2.0"
      }
    },
    "html2canvas": {
      "version": "1.0.0-rc.4",
      "resolved": "https://registry.npmjs.org/html2canvas/-/html2canvas-1.0.0-rc.4.tgz",
      "integrity": "sha512-5sJ+oM3FfNFpGVbMQkJFDl1WH5Sa293l2koMEZWbaehJ3dWHty4mSrmZtfWlWDoLckfGojZS9aZ7Zk3uFouyPw==",
      "requires": {
        "css-line-break": "1.1.1"
      }
    },
    "rgbcolor": {
      "version": "1.0.1",
      "resolved": "https://registry.npmjs.org/rgbcolor/-/rgbcolor-1.0.1.tgz",
      "integrity": "sha1-1lBezbMEplldom+ktDMHMGd1lF0="
    },
    "stackblur-canvas": {
      "version": "2.2.0",
      "resolved": "https://registry.npmjs.org/stackblur-canvas/-/stackblur-canvas-2.2.0.tgz",
      "integrity": "sha512-5Gf8dtlf8k6NbLzuly2NkGrkS/Ahh+I5VUjO7TnFizdJtgpfpLLEdQlLe9umbcnZlitU84kfYjXE67xlSXfhfQ=="
    }
  }
}
